
Microsoft Visual Studio Solution File, Format Version 12.00
# Visual Studio Version 17
VisualStudioVersion = 17.7.34031.279
MinimumVisualStudioVersion = 10.0.40219.1
Project("{FAE04EC0-301F-11D3-BF4B-00C04F79EFBC}") = "PlayerAndTeamRequirements", "PlayerAndTeamRequirements.csproj", "{7FAD5BB1-0C9A-49FE-BAFF-CFD972A62C1B}"
EndProject
Global
	GlobalSection(SolutionConfigurationPlatforms) = preSolution
		Debug|Any CPU = Debug|Any CPU
		Release|Any CPU = Release|Any CPU
	EndGlobalSection
	GlobalSection(ProjectConfigurationPlatforms) = postSolution
		{7FAD5BB1-0C9A-49FE-BAFF-CFD972A62C1B}.Debug|Any CPU.ActiveCfg = Debug|Any CPU
		{7FAD5BB1-0C9A-49FE-BAFF-CFD972A62C1B}.Debug|Any CPU.Build.0 = Debug|Any CPU
		{7FAD5BB1-0C9A-49FE-BAFF-CFD972A62C1B}.Release|Any CPU.ActiveCfg = Release|Any CPU
		{7FAD5BB1-0C9A-49FE-BAFF-CFD972A62C1B}.Release|Any CPU.Build.0 = Release|Any CPU
	EndGlobalSection
	GlobalSection(SolutionProperties) = preSolution
		HideSolutionNode = FALSE
	EndGlobalSection
	GlobalSection(ExtensibilityGlobals) = postSolution
		SolutionGuid = {B126797C-A131-4C6E-8A32-773C97E98B99}
	EndGlobalSection
EndGlobal
